
Microsoft Visual Studio Solution File, Format Version 12.00
# Visual Studio 15
VisualStudioVersion = 15.0.28307.1082
MinimumVisualStudioVersion = 10.0.40219.1
Project("{8BC9CEB8-8B4A-11D0-8D11-00A0C91BC942}") = "cxxperfcounter", "cxxperfcounter.vcxproj", "{2DF62936-519C-4A23-8CDE-9D3150011E28}"
EndProject
Global
	GlobalSection(SolutionConfigurationPlatforms) = preSolution
		Debug|x64 = Debug|x64
		Debug|x86 = Debug|x86
		Release|x64 = Release|x64
		Release|x86 = Release|x86
	EndGlobalSection
	GlobalSection(ProjectConfigurationPlatforms) = postSolution
		{2DF62936-519C-4A23-8CDE-9D3150011E28}.Debug|x64.ActiveCfg = Debug|x64
		{2DF62936-519C-4A23-8CDE-9D3150011E28}.Debug|x64.Build.0 = Debug|x64
		{2DF62936-519C-4A23-8CDE-9D3150011E28}.Debug|x86.ActiveCfg = Debug|Win32
		{2DF62936-519C-4A23-8CDE-9D3150011E28}.Debug|x86.Build.0 = Debug|Win32
		{2DF62936-519C-4A23-8CDE-9D3150011E28}.Release|x64.ActiveCfg = Release|x64
		{2DF62936-519C-4A23-8CDE-9D3150011E28}.Release|x64.Build.0 = Release|x64
		{2DF62936-519C-4A23-8CDE-9D3150011E28}.Release|x86.ActiveCfg = Release|Win32
		{2DF62936-519C-4A23-8CDE-9D3150011E28}.Release|x86.Build.0 = Release|Win32
	EndGlobalSection
	GlobalSection(SolutionProperties) = preSolution
		HideSolutionNode = FALSE
	EndGlobalSection
	GlobalSection(ExtensibilityGlobals) = postSolution
		SolutionGuid = {59E64140-8E88-4CE2-9271-74A512C10242}
	EndGlobalSection
EndGlobal
